<?xml version="1.0" encoding="utf-8"?>
<Project ToolsVersion="4.0" xmlns="http://schemas.microsoft.com/developer/msbuild/2003">
  <ItemGroup>
    <Filter Include="Source Files">
      <UniqueIdentifier>{4FC737F1-C7A5-4376-A066-2A32D752A2FF}</UniqueIdentifier>
      <Extensions>cpp;c;cc;cxx;def;odl;idl;hpj;bat;asm;asmx</Extensions>
    </Filter>
  </ItemGroup>
  <ItemGroup>
    <Text Include="cpp.txt">
      <Filter>Source Files</Filter>
    </Text>
    <Text Include="markup.txt">
      <Filter>Source Files</Filter>
    </Text>
  </ItemGroup>
  <ItemGroup>
    <ClInclude Include="assert.h">
      <Filter>Source Files</Filter>
    </ClInclude>
    <ClInclude Include="dmalloc.h">
      <Filter>Source Files</Filter>
    </ClInclude>
    <ClInclude Include="FStream.h">
      <Filter>Source Files</Filter>
    </ClInclude>
    <ClInclude Include="Result.h">
      <Filter>Source Files</Filter>
    </ClInclude>
    <ClInclude Include="StringEx.h">
      <Filter>Source Files</Filter>
    </ClInclude>
    <ClInclude Include="WStrBuilder.h">
      <Filter>Source Files</Filter>
    </ClInclude>
    <ClInclude Include="CppLex.h">
      <Filter>Source Files</Filter>
    </ClInclude>
    <ClInclude Include="MarkupLex.h">
      <Filter>Source Files</Filter>
    </ClInclude>
    <ClInclude Include="stdafx.h">
      <Filter>Source Files</Filter>
    </ClInclude>
    <ClInclude Include="system.h">
      <Filter>Source Files</Filter>
    </ClInclude>
    <ClInclude Include="targetver.h">
      <Filter>Source Files</Filter>
    </ClInclude>
  </ItemGroup>
  <ItemGroup>
    <ClCompile Include="stdafx.cpp">
      <Filter>Source Files</Filter>
    </ClCompile>
    <ClCompile Include="tmarkdown.cpp">
      <Filter>Source Files</Filter>
    </ClCompile>
    <ClCompile Include="dmallocA.cpp">
      <Filter>Source Files</Filter>
    </ClCompile>
    <ClCompile Include="FStream.cpp">
      <Filter>Source Files</Filter>
    </ClCompile>
    <ClCompile Include="StringEx.cpp">
      <Filter>Source Files</Filter>
    </ClCompile>
    <ClCompile Include="WStrBuilder.cpp">
      <Filter>Source Files</Filter>
    </ClCompile>
    <ClCompile Include="CppLex.cpp">
      <Filter>Source Files</Filter>
    </ClCompile>
    <ClCompile Include="system.cpp">
      <Filter>Source Files</Filter>
    </ClCompile>
    <ClCompile Include="MarkupLex.cpp">
      <Filter>Source Files</Filter>
    </ClCompile>
  </ItemGroup>
</Project>